
Microsoft Visual Studio Solution File, Format Version 12.00
# Visual Studio Version 16
VisualStudioVersion = 16.0.29905.134
MinimumVisualStudioVersion = 10.0.40219.1
Project("{FAE04EC0-301F-11D3-BF4B-00C04F79EFBC}") = "SquaredRandom", "SquaredRandom\SquaredRandom.csproj", "{6EA75C61-A969-4F88-857C-9F321DE9B967}"
EndProject
Global
	GlobalSection(SolutionConfigurationPlatforms) = preSolution
		Debug|Any CPU = Debug|Any CPU
		Release|Any CPU = Release|Any CPU
	EndGlobalSection
	GlobalSection(ProjectConfigurationPlatforms) = postSolution
		{6EA75C61-A969-4F88-857C-9F321DE9B967}.Debug|Any CPU.ActiveCfg = Debug|Any CPU
		{6EA75C61-A969-4F88-857C-9F321DE9B967}.Debug|Any CPU.Build.0 = Debug|Any CPU
		{6EA75C61-A969-4F88-857C-9F321DE9B967}.Release|Any CPU.ActiveCfg = Release|Any CPU
		{6EA75C61-A969-4F88-857C-9F321DE9B967}.Release|Any CPU.Build.0 = Release|Any CPU
	EndGlobalSection
	GlobalSection(SolutionProperties) = preSolution
		HideSolutionNode = FALSE
	EndGlobalSection
	GlobalSection(ExtensibilityGlobals) = postSolution
		SolutionGuid = {2E55DF32-57FD-40A9-BF43-EC72EC8B0A7A}
	EndGlobalSection
EndGlobal
